
Microsoft Visual Studio Solution File, Format Version 12.00
Project("{FAE04EC0-301F-11D3-BF4B-00C04F79EFBC}") = "Noordle", "Noordle\Noordle.csproj", "{4B19EDCE-AAE2-4B5F-94D7-D6875E56ABCD}"
EndProject
Project("{FAE04EC0-301F-11D3-BF4B-00C04F79EFBC}") = "Noordle.Test", "Noordle.Test\Noordle.Test.csproj", "{580ED3C4-2E5F-4C45-BBCF-63EE1946CB74}"
EndProject
Global
	GlobalSection(SolutionConfigurationPlatforms) = preSolution
		Debug|Any CPU = Debug|Any CPU
		Release|Any CPU = Release|Any CPU
	EndGlobalSection
	GlobalSection(ProjectConfigurationPlatforms) = postSolution
		{4B19EDCE-AAE2-4B5F-94D7-D6875E56ABCD}.Debug|Any CPU.ActiveCfg = Debug|Any CPU
		{4B19EDCE-AAE2-4B5F-94D7-D6875E56ABCD}.Debug|Any CPU.Build.0 = Debug|Any CPU
		{4B19EDCE-AAE2-4B5F-94D7-D6875E56ABCD}.Release|Any CPU.ActiveCfg = Release|Any CPU
		{4B19EDCE-AAE2-4B5F-94D7-D6875E56ABCD}.Release|Any CPU.Build.0 = Release|Any CPU
		{580ED3C4-2E5F-4C45-BBCF-63EE1946CB74}.Debug|Any CPU.ActiveCfg = Debug|Any CPU
		{580ED3C4-2E5F-4C45-BBCF-63EE1946CB74}.Debug|Any CPU.Build.0 = Debug|Any CPU
		{580ED3C4-2E5F-4C45-BBCF-63EE1946CB74}.Release|Any CPU.ActiveCfg = Release|Any CPU
		{580ED3C4-2E5F-4C45-BBCF-63EE1946CB74}.Release|Any CPU.Build.0 = Release|Any CPU
	EndGlobalSection
EndGlobal
